
Microsoft Visual Studio Solution File, Format Version 12.00
# Visual Studio Version 17
VisualStudioVersion = 17.5.33627.172
MinimumVisualStudioVersion = 10.0.40219.1
Project("{FAE04EC0-301F-11D3-BF4B-00C04F79EFBC}") = "ApiProducer", "ApiProducer\ApiProducer.csproj", "{0CBEFC53-661E-4A87-A23D-81CF8A90C722}"
EndProject
Project("{FAE04EC0-301F-11D3-BF4B-00C04F79EFBC}") = "ApiConsumer", "ApiConsumer\ApiConsumer.csproj", "{5D59673E-3989-4F59-A3D1-2ABD02AC1F25}"
EndProject
Global
	GlobalSection(SolutionConfigurationPlatforms) = preSolution
		Debug|Any CPU = Debug|Any CPU
		Release|Any CPU = Release|Any CPU
	EndGlobalSection
	GlobalSection(ProjectConfigurationPlatforms) = postSolution
		{0CBEFC53-661E-4A87-A23D-81CF8A90C722}.Debug|Any CPU.ActiveCfg = Debug|Any CPU
		{0CBEFC53-661E-4A87-A23D-81CF8A90C722}.Debug|Any CPU.Build.0 = Debug|Any CPU
		{0CBEFC53-661E-4A87-A23D-81CF8A90C722}.Release|Any CPU.ActiveCfg = Release|Any CPU
		{0CBEFC53-661E-4A87-A23D-81CF8A90C722}.Release|Any CPU.Build.0 = Release|Any CPU
		{5D59673E-3989-4F59-A3D1-2ABD02AC1F25}.Debug|Any CPU.ActiveCfg = Debug|Any CPU
		{5D59673E-3989-4F59-A3D1-2ABD02AC1F25}.Debug|Any CPU.Build.0 = Debug|Any CPU
		{5D59673E-3989-4F59-A3D1-2ABD02AC1F25}.Release|Any CPU.ActiveCfg = Release|Any CPU
		{5D59673E-3989-4F59-A3D1-2ABD02AC1F25}.Release|Any CPU.Build.0 = Release|Any CPU
	EndGlobalSection
	GlobalSection(SolutionProperties) = preSolution
		HideSolutionNode = FALSE
	EndGlobalSection
	GlobalSection(ExtensibilityGlobals) = postSolution
		SolutionGuid = {69D64377-8FF2-4226-BA29-9F50838203A5}
	EndGlobalSection
EndGlobal
